// !$*UTF8*$!
{
	archiveVersion = 1;
	classes = {
	};
	objectVersion = 50;
	objects = {

/* Begin PBXBuildFile section */
		C72AF1B9230CBD340044D9D5 /* AppDelegate.swift in Sources */ = {isa = PBXBuildFile; fileRef = C72AF1B8230CBD340044D9D5 /* AppDelegate.swift */; };
		C72AF1BB230CBD340044D9D5 /* SceneDelegate.swift in Sources */ = {isa = PBXBuildFile; fileRef = C72AF1BA230CBD340044D9D5 /* SceneDelegate.swift */; };
		C72AF1BD230CBD340044D9D5 /* ContentView.swift in Sources */ = {isa = PBXBuildFile; fileRef = C72AF1BC230CBD340044D9D5 /* ContentView.swift */; };
		C72AF1BF230CBD3A0044D9D5 /* Assets.xcassets in Resources */ = {isa = PBXBuildFile; fileRef = C72AF1BE230CBD3A0044D9D5 /* Assets.xcassets */; };
		C72AF1C2230CBD3A0044D9D5 /* Preview Assets.xcassets in Resources */ = {isa = PBXBuildFile; fileRef = C72AF1C1230CBD3A0044D9D5 /* Preview Assets.xcassets */; };
		C72AF1C5230CBD3A0044D9D5 /* LaunchScreen.storyboard in Resources */ = {isa = PBXBuildFile; fileRef = C72AF1C3230CBD3A0044D9D5 /* LaunchScreen.storyboard */; };
/* End PBXBuildFile section */

/* Begin PBXFileReference section */
		C72AF1B5230CBD340044D9D5 /* testing-WeatherAPI.app */ = {isa = PBXFileReference; explicitFileType = wrapper.application; includeInIndex = 0; path = "testing-WeatherAPI.app"; sourceTree = BUILT_PRODUCTS_DIR; };
		C72AF1B8230CBD340044D9D5 /* AppDelegate.swift */ = {isa = PBXFileReference; lastKnownFileType = sourcecode.swift; path = AppDelegate.swift; sourceTree = "<group>"; };
		C72AF1BA230CBD340044D9D5 /* SceneDelegate.swift */ = {isa = PBXFileReference; lastKnownFileType = sourcecode.swift; path = SceneDelegate.swift; sourceTree = "<group>"; };
		C72AF1BC230CBD340044D9D5 /* ContentView.swift */ = {isa = PBXFileReference; lastKnownFileType = sourcecode.swift; path = ContentView.swift; sourceTree = "<group>"; };
		C72AF1BE230CBD3A0044D9D5 /* Assets.xcassets */ = {isa = PBXFileReference; lastKnownFileType = folder.assetcatalog; path = Assets.xcassets; sourceTree = "<group>"; };
		C72AF1C1230CBD3A0044D9D5 /* Preview Assets.xcassets */ = {isa = PBXFileReference; lastKnownFileType = folder.assetcatalog; path = "Preview Assets.xcassets"; sourceTree = "<group>"; };
		C72AF1C4230CBD3A0044D9D5 /* Base */ = {isa = PBXFileReference; lastKnownFileType = file.storyboard; name = Base; path = Base.lproj/LaunchScreen.storyboard; sourceTree = "<group>"; };
		C72AF1C6230CBD3A0044D9D5 /* Info.plist */ = {isa = PBXFileReference; lastKnownFileType = text.plist.xml; path = Info.plist; sourceTree = "<group>"; };
/* End PBXFileReference section */

/* Begin PBXFrameworksBuildPhase section */
		C72AF1B2230CBD340044D9D5 /* Frameworks */ = {
			isa = PBXFrameworksBuildPhase;
			buildActionMask = 2147483647;
			files = (
			);
			runOnlyForDeploymentPostprocessing = 0;
		};
/* End PBXFrameworksBuildPhase section */

/* Begin PBXGroup section */
		C72AF1AC230CBD340044D9D5 = {
			isa = PBXGroup;
			children = (
				C72AF1B7230CBD340044D9D5 /* testing-WeatherAPI */,
				C72AF1B6230CBD340044D9D5 /* Products */,
			);
			sourceTree = "<group>";
		};
		C72AF1B6230CBD340044D9D5 /* Products */ = {
			isa = PBXGroup;
			children = (
				C72AF1B5230CBD340044D9D5 /* testing-WeatherAPI.app */,
			);
			name = Products;
			sourceTree = "<group>";
		};
		C72AF1B7230CBD340044D9D5 /* testing-WeatherAPI */ = {
			isa = PBXGroup;
			children = (
				C72AF1B8230CBD340044D9D5 /* AppDelegate.swift */,
				C72AF1BA230CBD340044D9D5 /* SceneDelegate.swift */,
				C72AF1BC230CBD340044D9D5 /* ContentView.swift */,
				C72AF1BE230CBD3A0044D9D5 /* Assets.xcassets */,
				C72AF1C3230CBD3A0044D9D5 /* LaunchScreen.storyboard */,
				C72AF1C6230CBD3A0044D9D5 /* Info.plist */,
				C72AF1C0230CBD3A0044D9D5 /* Preview Content */,
			);
			path = "testing-WeatherAPI";
			sourceTree = "<group>";
		};
		C72AF1C0230CBD3A0044D9D5 /* Preview Content */ = {
			isa = PBXGroup;
			children = (
				C72AF1C1230CBD3A0044D9D5 /* Preview Assets.xcassets */,
			);
			path = "Preview Content";
			sourceTree = "<group>";
		};
/* End PBXGroup section */

/* Begin PBXNativeTarget section */
		C72AF1B4230CBD340044D9D5 /* testing-WeatherAPI */ = {
			isa = PBXNativeTarget;
			buildConfigurationList = C72AF1C9230CBD3A0044D9D5 /* Build configuration list for PBXNativeTarget "testing-WeatherAPI" */;
			buildPhases = (
				C72AF1B1230CBD340044D9D5 /* Sources */,
				C72AF1B2230CBD340044D9D5 /* Frameworks */,
				C72AF1B3230CBD340044D9D5 /* Resources */,
			);
			buildRules = (
			);
			dependencies = (
			);
			name = "testing-WeatherAPI";
			productName = "testing-WeatherAPI";
			productReference = C72AF1B5230CBD340044D9D5 /* testing-WeatherAPI.app */;
			productType = "com.apple.product-type.application";
		};
/* End PBXNativeTarget section */

/* Begin PBXProject section */
		C72AF1AD230CBD340044D9D5 /* Project object */ = {
			isa = PBXProject;
			attributes = {
				LastSwiftUpdateCheck = 1100;
				LastUpgradeCheck = 1100;
				ORGANIZATIONNAME = "Diego Salazar Arp";
				TargetAttributes = {
					C72AF1B4230CBD340044D9D5 = {
						CreatedOnToolsVersion = 11.0;
					};
				};
			};
			buildConfigurationList = C72AF1B0230CBD340044D9D5 /* Build configuration list for PBXProject "testing-WeatherAPI" */;
			compatibilityVersion = "Xcode 9.3";
			developmentRegion = en;
			hasScannedForEncodings = 0;
			knownRegions = (
				en,
				Base,
			);
			mainGroup = C72AF1AC230CBD340044D9D5;
			productRefGroup = C72AF1B6230CBD340044D9D5 /* Products */;
			projectDirPath = "";
			projectRoot = "";
			targets = (
				C72AF1B4230CBD340044D9D5 /* testing-WeatherAPI */,
			);
		};
/* End PBXProject section */

/* Begin PBXResourcesBuildPhase section */
		C72AF1B3230CBD340044D9D5 /* Resources */ = {
			isa = PBXResourcesBuildPhase;
			buildActionMask = 2147483647;
			files = (
				C72AF1C5230CBD3A0044D9D5 /* LaunchScreen.storyboard in Resources */,
				C72AF1C2230CBD3A0044D9D5 /* Preview Assets.xcassets in Resources */,
				C72AF1BF230CBD3A0044D9D5 /* Assets.xcassets in Resources */,
			);
			runOnlyForDeploymentPostprocessing = 0;
		};
/* End PBXResourcesBuildPhase section */

/* Begin PBXSourcesBuildPhase section */
		C72AF1B1230CBD340044D9D5 /* Sources */ = {
			isa = PBXSourcesBuildPhase;
			buildActionMask = 2147483647;
			files = (
				C72AF1B9230CBD340044D9D5 /* AppDelegate.swift in Sources */,
				C72AF1BB230CBD340044D9D5 /* SceneDelegate.swift in Sources */,
				C72AF1BD230CBD340044D9D5 /* ContentView.swift in Sources */,
			);
			runOnlyForDeploymentPostprocessing = 0;
		};
/* End PBXSourcesBuildPhase section */

/* Begin PBXVariantGroup section */
		C72AF1C3230CBD3A0044D9D5 /* LaunchScreen.storyboard */ = {
			isa = PBXVariantGroup;
			children = (
				C72AF1C4230CBD3A0044D9D5 /* Base */,
			);
			name = LaunchScreen.storyboard;
			sourceTree = "<group>";
		};
/* End PBXVariantGroup section */

/* Begin XCBuildConfiguration section */
		C72AF1C7230CBD3A0044D9D5 /* Debug */ = {
			isa = XCBuildConfiguration;
			buildSettings = {
				ALWAYS_SEARCH_USER_PATHS = NO;
				CLANG_ANALYZER_NONNULL = YES;
				CLANG_ANALYZER_NUMBER_OBJECT_CONVERSION = YES_AGGRESSIVE;
				CLANG_CXX_LANGUAGE_STANDARD = "gnu++14";
				CLANG_CXX_LIBRARY = "libc++";
				CLANG_ENABLE_MODULES = YES;
				CLANG_ENABLE_OBJC_ARC = YES;
				CLANG_ENABLE_OBJC_WEAK = YES;
				CLANG_WARN_BLOCK_CAPTURE_AUTORELEASING = YES;
				CLANG_WARN_BOOL_CONVERSION = YES;
				CLANG_WARN_COMMA = YES;
				CLANG_WARN_CONSTANT_CONVERSION = YES;
				CLANG_WARN_DEPRECATED_OBJC_IMPLEMENTATIONS = YES;
				CLANG_WARN_DIRECT_OBJC_ISA_USAGE = YES_ERROR;
				CLANG_WARN_DOCUMENTATION_COMMENTS = YES;
				CLANG_WARN_EMPTY_BODY = YES;
				CLANG_WARN_ENUM_CONVERSION = YES;
				CLANG_WARN_INFINITE_RECURSION = YES;
				CLANG_WARN_INT_CONVERSION = YES;
				CLANG_WARN_NON_LITERAL_NULL_CONVERSION = YES;
				CLANG_WARN_OBJC_IMPLICIT_RETAIN_SELF = YES;
				CLANG_WARN_OBJC_LITERAL_CONVERSION = YES;
				CLANG_WARN_OBJC_ROOT_CLASS = YES_ERROR;
				CLANG_WARN_RANGE_LOOP_ANALYSIS = YES;
				CLANG_WARN_STRICT_PROTOTYPES = YES;
				CLANG_WARN_SUSPICIOUS_MOVE = YES;
				CLANG_WARN_UNGUARDED_AVAILABILITY = YES_AGGRESSIVE;
				CLANG_WARN_UNREACHABLE_CODE = YES;
				CLANG_WARN__DUPLICATE_METHOD_MATCH = YES;
				COPY_PHASE_STRIP = NO;
				DEBUG_INFORMATION_FORMAT = dwarf;
				ENABLE_STRICT_OBJC_MSGSEND = YES;
				ENABLE_TESTABILITY = YES;
				GCC_C_LANGUAGE_STANDARD = gnu11;
				GCC_DYNAMIC_NO_PIC = NO;
				GCC_NO_COMMON_BLOCKS = YES;
				GCC_OPTIMIZATION_LEVEL = 0;
				GCC_PREPROCESSOR_DEFINITIONS = (
					"DEBUG=1",
					"$(inherited)",
				);
				GCC_WARN_64_TO_32_BIT_CONVERSION = YES;
				GCC_WARN_ABOUT_RETURN_TYPE = YES_ERROR;
				GCC_WARN_UNDECLARED_SELECTOR = YES;
				GCC_WARN_UNINITIALIZED_AUTOS = YES_AGGRESSIVE;
				GCC_WARN_UNUSED_FUNCTION = YES;
				GCC_WARN_UNUSED_VARIABLE = YES;
				IPHONEOS_DEPLOYMENT_TARGET = 13.0;
				MTL_ENABLE_DEBUG_INFO = INCLUDE_SOURCE;
				MTL_FAST_MATH = YES;
				ONLY_ACTIVE_ARCH = YES;
				SDKROOT = iphoneos;
				SWIFT_ACTIVE_COMPILATION_CONDITIONS = DEBUG;
				SWIFT_OPTIMIZATION_LEVEL = "-Onone";
			};
			name = Debug;
		};
		C72AF1C8230CBD3A0044D9D5 /* Release */ = {
			isa = XCBuildConfiguration;
			buildSettings = {
				ALWAYS_SEARCH_USER_PATHS = NO;
				CLANG_ANALYZER_NONNULL = YES;
				CLANG_ANALYZER_NUMBER_OBJECT_CONVERSION = YES_AGGRESSIVE;
				CLANG_CXX_LANGUAGE_STANDARD = "gnu++14";
				CLANG_CXX_LIBRARY = "libc++";
				CLANG_ENABLE_MODULES = YES;
				CLANG_ENABLE_OBJC_ARC = YES;
				CLANG_ENABLE_OBJC_WEAK = YES;
				CLANG_WARN_BLOCK_CAPTURE_AUTORELEASING = YES;
				CLANG_WARN_BOOL_CONVERSION = YES;
				CLANG_WARN_COMMA = YES;
				CLANG_WARN_CONSTANT_CONVERSION = YES;
				CLANG_WARN_DEPRECATED_OBJC_IMPLEMENTATIONS = YES;
				CLANG_WARN_DIRECT_OBJC_ISA_USAGE = YES_ERROR;
				CLANG_WARN_DOCUMENTATION_COMMENTS = YES;
				CLANG_WARN_EMPTY_BODY = YES;
				CLANG_WARN_ENUM_CONVERSION = YES;
				CLANG_WARN_INFINITE_RECURSION = YES;
				CLANG_WARN_INT_CONVERSION = YES;
				CLANG_WARN_NON_LITERAL_NULL_CONVERSION = YES;
				CLANG_WARN_OBJC_IMPLICIT_RETAIN_SELF = YES;
				CLANG_WARN_OBJC_LITERAL_CONVERSION = YES;
				CLANG_WARN_OBJC_ROOT_CLASS = YES_ERROR;
				CLANG_WARN_RANGE_LOOP_ANALYSIS = YES;
				CLANG_WARN_STRICT_PROTOTYPES = YES;
				CLANG_WARN_SUSPICIOUS_MOVE = YES;
				CLANG_WARN_UNGUARDED_AVAILABILITY = YES_AGGRESSIVE;
				CLANG_WARN_UNREACHABLE_CODE = YES;
				CLANG_WARN__DUPLICATE_METHOD_MATCH = YES;
				COPY_PHASE_STRIP = NO;
				DEBUG_INFORMATION_FORMAT = "dwarf-with-dsym";
				ENABLE_NS_ASSERTIONS = NO;
				ENABLE_STRICT_OBJC_MSGSEND = YES;
				GCC_C_LANGUAGE_STANDARD = gnu11;
				GCC_NO_COMMON_BLOCKS = YES;
				GCC_WARN_64_TO_32_BIT_CONVERSION = YES;
				GCC_WARN_ABOUT_RETURN_TYPE = YES_ERROR;
				GCC_WARN_UNDECLARED_SELECTOR = YES;
				GCC_WARN_UNINITIALIZED_AUTOS = YES_AGGRESSIVE;
				GCC_WARN_UNUSED_FUNCTION = YES;
				GCC_WARN_UNUSED_VARIABLE = YES;
				IPHONEOS_DEPLOYMENT_TARGET = 13.0;
				MTL_ENABLE_DEBUG_INFO = NO;
				MTL_FAST_MATH = YES;
				SDKROOT = iphoneos;
				SWIFT_COMPILATION_MODE = wholemodule;
				SWIFT_OPTIMIZATION_LEVEL = "-O";
				VALIDATE_PRODUCT = YES;
			};
			name = Release;
		};
		C72AF1CA230CBD3A0044D9D5 /* Debug */ = {
			isa = XCBuildConfiguration;
			buildSettings = {
				ASSETCATALOG_COMPILER_APPICON_NAME = AppIcon;
				CODE_SIGN_STYLE = Automatic;
				DEVELOPMENT_ASSET_PATHS = "testing-WeatherAPI/Preview\\ Content";
				DEVELOPMENT_TEAM = 896ZJ48GLN;
				ENABLE_PREVIEWS = YES;
				INFOPLIST_FILE = "testing-WeatherAPI/Info.plist";
				LD_RUNPATH_SEARCH_PATHS = (
					"$(inherited)",
					"@executable_path/Frameworks",
				);
				PRODUCT_BUNDLE_IDENTIFIER = "Darp-Dev.testing-WeatherAPI";
				PRODUCT_NAME = "$(TARGET_NAME)";
				SWIFT_VERSION = 5.0;
				TARGETED_DEVICE_FAMILY = "1,2";
			};
			name = Debug;
		};
		C72AF1CB230CBD3A0044D9D5 /* Release */ = {
			isa = XCBuildConfiguration;
			buildSettings = {
				ASSETCATALOG_COMPILER_APPICON_NAME = AppIcon;
				CODE_SIGN_STYLE = Automatic;
				DEVELOPMENT_ASSET_PATHS = "testing-WeatherAPI/Preview\\ Content";
				DEVELOPMENT_TEAM = 896ZJ48GLN;
				ENABLE_PREVIEWS = YES;
				INFOPLIST_FILE = "testing-WeatherAPI/Info.plist";
				LD_RUNPATH_SEARCH_PATHS = (
					"$(inherited)",
					"@executable_path/Frameworks",
				);
				PRODUCT_BUNDLE_IDENTIFIER = "Darp-Dev.testing-WeatherAPI";
				PRODUCT_NAME = "$(TARGET_NAME)";
				SWIFT_VERSION = 5.0;
				TARGETED_DEVICE_FAMILY = "1,2";
			};
			name = Release;
		};
/* End XCBuildConfiguration section */

/* Begin XCConfigurationList section */
		C72AF1B0230CBD340044D9D5 /* Build configuration list for PBXProject "testing-WeatherAPI" */ = {
			isa = XCConfigurationList;
			buildConfigurations = (
				C72AF1C7230CBD3A0044D9D5 /* Debug */,
				C72AF1C8230CBD3A0044D9D5 /* Release */,
			);
			defaultConfigurationIsVisible = 0;
			defaultConfigurationName = Release;
		};
		C72AF1C9230CBD3A0044D9D5 /* Build configuration list for PBXNativeTarget "testing-WeatherAPI" */ = {
			isa = XCConfigurationList;
			buildConfigurations = (
				C72AF1CA230CBD3A0044D9D5 /* Debug */,
				C72AF1CB230CBD3A0044D9D5 /* Release */,
			);
			defaultConfigurationIsVisible = 0;
			defaultConfigurationName = Release;
		};
/* End XCConfigurationList section */
	};
	rootObject = C72AF1AD230CBD340044D9D5 /* Project object */;
}
